
Microsoft Visual Studio Solution File, Format Version 12.00
# Visual Studio Version 16
VisualStudioVersion = 16.0.31729.503
MinimumVisualStudioVersion = 10.0.40219.1
Project("{FAE04EC0-301F-11D3-BF4B-00C04F79EFBC}") = "HalfLife", "HalfLife\HalfLife.csproj", "{1EAADDB0-1050-44A0-A50A-2152B7524AC1}"
EndProject
Project("{FAE04EC0-301F-11D3-BF4B-00C04F79EFBC}") = "HalfLifeLibrary", "HalfLifeLibrary\HalfLifeLibrary.csproj", "{FD029FCE-0B41-453B-A2CB-DFC1B13FFB89}"
EndProject
Global
	GlobalSection(SolutionConfigurationPlatforms) = preSolution
		Debug|Any CPU = Debug|Any CPU
		Release|Any CPU = Release|Any CPU
	EndGlobalSection
	GlobalSection(ProjectConfigurationPlatforms) = postSolution
		{1EAADDB0-1050-44A0-A50A-2152B7524AC1}.Debug|Any CPU.ActiveCfg = Debug|Any CPU
		{1EAADDB0-1050-44A0-A50A-2152B7524AC1}.Debug|Any CPU.Build.0 = Debug|Any CPU
		{1EAADDB0-1050-44A0-A50A-2152B7524AC1}.Release|Any CPU.ActiveCfg = Release|Any CPU
		{1EAADDB0-1050-44A0-A50A-2152B7524AC1}.Release|Any CPU.Build.0 = Release|Any CPU
		{FD029FCE-0B41-453B-A2CB-DFC1B13FFB89}.Debug|Any CPU.ActiveCfg = Debug|Any CPU
		{FD029FCE-0B41-453B-A2CB-DFC1B13FFB89}.Debug|Any CPU.Build.0 = Debug|Any CPU
		{FD029FCE-0B41-453B-A2CB-DFC1B13FFB89}.Release|Any CPU.ActiveCfg = Release|Any CPU
		{FD029FCE-0B41-453B-A2CB-DFC1B13FFB89}.Release|Any CPU.Build.0 = Release|Any CPU
	EndGlobalSection
	GlobalSection(SolutionProperties) = preSolution
		HideSolutionNode = FALSE
	EndGlobalSection
	GlobalSection(ExtensibilityGlobals) = postSolution
		SolutionGuid = {C900B772-DE22-48D1-9FCA-3B376CD452E3}
	EndGlobalSection
EndGlobal
